
Microsoft Visual Studio Solution File, Format Version 11.00
# Visual Studio 2010
Project("{FAE04EC0-301F-11D3-BF4B-00C04F79EFBC}") = "Assembly-CSharp", "Assembly-CSharp.csproj", "{A7F87A1B-B293-B1C5-E7CF-0DE7F1B945C5}"
EndProject
Project("{FAE04EC0-301F-11D3-BF4B-00C04F79EFBC}") = "Assembly-CSharp-Editor", "Assembly-CSharp-Editor.csproj", "{3CB70F89-6B5D-674B-2DD3-9DA29348F81E}"
EndProject
Global
	GlobalSection(SolutionConfigurationPlatforms) = preSolution
		Debug|Any CPU = Debug|Any CPU
		Release|Any CPU = Release|Any CPU
	EndGlobalSection
	GlobalSection(ProjectConfigurationPlatforms) = postSolution
		{A7F87A1B-B293-B1C5-E7CF-0DE7F1B945C5}.Debug|Any CPU.ActiveCfg = Debug|Any CPU
		{A7F87A1B-B293-B1C5-E7CF-0DE7F1B945C5}.Debug|Any CPU.Build.0 = Debug|Any CPU
		{A7F87A1B-B293-B1C5-E7CF-0DE7F1B945C5}.Release|Any CPU.ActiveCfg = Release|Any CPU
		{A7F87A1B-B293-B1C5-E7CF-0DE7F1B945C5}.Release|Any CPU.Build.0 = Release|Any CPU
		{3CB70F89-6B5D-674B-2DD3-9DA29348F81E}.Debug|Any CPU.ActiveCfg = Debug|Any CPU
		{3CB70F89-6B5D-674B-2DD3-9DA29348F81E}.Debug|Any CPU.Build.0 = Debug|Any CPU
		{3CB70F89-6B5D-674B-2DD3-9DA29348F81E}.Release|Any CPU.ActiveCfg = Release|Any CPU
		{3CB70F89-6B5D-674B-2DD3-9DA29348F81E}.Release|Any CPU.Build.0 = Release|Any CPU
	EndGlobalSection
	GlobalSection(SolutionProperties) = preSolution
		HideSolutionNode = FALSE
	EndGlobalSection
EndGlobal
